
Microsoft Visual Studio Solution File, Format Version 12.00
# Visual Studio Version 16
VisualStudioVersion = 16.0.31005.135
MinimumVisualStudioVersion = 10.0.40219.1
Project("{FAE04EC0-301F-11D3-BF4B-00C04F79EFBC}") = "CQRSBlazor.Api", "CQRSBlazor.Api\CQRSBlazor.Api.csproj", "{130E4877-0B2C-4ECC-A3B8-56219FA660EB}"
EndProject
Global
	GlobalSection(SolutionConfigurationPlatforms) = preSolution
		Debug|Any CPU = Debug|Any CPU
		Release|Any CPU = Release|Any CPU
	EndGlobalSection
	GlobalSection(ProjectConfigurationPlatforms) = postSolution
		{130E4877-0B2C-4ECC-A3B8-56219FA660EB}.Debug|Any CPU.ActiveCfg = Debug|Any CPU
		{130E4877-0B2C-4ECC-A3B8-56219FA660EB}.Debug|Any CPU.Build.0 = Debug|Any CPU
		{130E4877-0B2C-4ECC-A3B8-56219FA660EB}.Release|Any CPU.ActiveCfg = Release|Any CPU
		{130E4877-0B2C-4ECC-A3B8-56219FA660EB}.Release|Any CPU.Build.0 = Release|Any CPU
	EndGlobalSection
	GlobalSection(SolutionProperties) = preSolution
		HideSolutionNode = FALSE
	EndGlobalSection
	GlobalSection(ExtensibilityGlobals) = postSolution
		SolutionGuid = {1327404E-3D07-4EAC-8DAB-F03BFFA24A58}
	EndGlobalSection
EndGlobal
