
Microsoft Visual Studio Solution File, Format Version 12.00
# Visual Studio 15
VisualStudioVersion = 15.0.28307.852
MinimumVisualStudioVersion = 10.0.40219.1
Project("{FAE04EC0-301F-11D3-BF4B-00C04F79EFBC}") = "DAL", "DAL\DAL.csproj", "{E4A5BA53-4A12-4DA8-A2AE-159188AB0520}"
EndProject
Project("{9A19103F-16F7-4668-BE54-9A1E7A4F7556}") = "Entities", "Entities\Entities.csproj", "{480D1E17-E17E-4041-A871-901D93689574}"
EndProject
Project("{FAE04EC0-301F-11D3-BF4B-00C04F79EFBC}") = "DAL.Tests", "DAL.Test\DAL.Tests.csproj", "{55455DF3-B537-43B0-90D3-737582F25833}"
EndProject
Project("{FAE04EC0-301F-11D3-BF4B-00C04F79EFBC}") = "BLL", "BLL\BLL.csproj", "{1DA10427-0A3F-4355-BAAA-EDA47AF31456}"
EndProject
Project("{9A19103F-16F7-4668-BE54-9A1E7A4F7556}") = "SLC", "SLC\SLC.csproj", "{FC284AB6-F6AB-47A8-B2F9-01C3C8A2E200}"
EndProject
Project("{FAE04EC0-301F-11D3-BF4B-00C04F79EFBC}") = "Service", "Service\Service.csproj", "{293FC0FA-4ADF-453C-BC9B-2F3104A91DE8}"
EndProject
Project("{FAE04EC0-301F-11D3-BF4B-00C04F79EFBC}") = "Service.Tests", "Service.Tests\Service.Tests.csproj", "{A8B2CE56-7A55-4A9F-A4F4-9D9B2D5BF0DB}"
EndProject
Project("{2150E333-8FDC-42A3-9474-1A3956D46DE8}") = "Data Access Layer", "Data Access Layer", "{B8E06619-D2DA-4EB8-B5C2-C3B16AC0DE14}"
EndProject
Project("{2150E333-8FDC-42A3-9474-1A3956D46DE8}") = "Domain Layer", "Domain Layer", "{3C594877-51DC-406A-8A2C-EF11D3337C57}"
EndProject
Project("{2150E333-8FDC-42A3-9474-1A3956D46DE8}") = "Service Layer", "Service Layer", "{8C150F38-25E4-46A2-83A2-E8C72884B755}"
EndProject
Project("{2150E333-8FDC-42A3-9474-1A3956D46DE8}") = "Tests", "Tests", "{A35BBB0F-75A7-493D-8528-7A5C98CC489B}"
EndProject
Project("{2150E333-8FDC-42A3-9474-1A3956D46DE8}") = "Client Layer", "Client Layer", "{FF9278CB-7C4D-41CF-8C4D-56E1D60B2C24}"
EndProject
Project("{9A19103F-16F7-4668-BE54-9A1E7A4F7556}") = "NWindProxyService", "NWindProxyService\NWindProxyService.csproj", "{11BEF005-849D-45E1-A52B-B2CDB72C9A38}"
EndProject
Project("{FAE04EC0-301F-11D3-BF4B-00C04F79EFBC}") = "NWind.MVCPLS", "NWind.MVCPLS\NWind.MVCPLS.csproj", "{715F33FD-C59D-4555-9CC6-D74256DD5777}"
EndProject
Project("{FAE04EC0-301F-11D3-BF4B-00C04F79EFBC}") = "NWind.WPF", "NWind.WPF\NWind.WPF.csproj", "{24748464-B2FD-4DF5-A997-F636BFE8D3D1}"
EndProject
Project("{9A19103F-16F7-4668-BE54-9A1E7A4F7556}") = "NWind.ViewModel", "NWind.ViewModel\NWind.ViewModel.csproj", "{51429792-4200-48D8-A357-98B12D7E040F}"
EndProject
Project("{2150E333-8FDC-42A3-9474-1A3956D46DE8}") = "Presentation Layer", "Presentation Layer", "{8AE2C88A-DCC8-45DA-AB3D-0BA0B5A2FCEB}"
EndProject
Global
	GlobalSection(SolutionConfigurationPlatforms) = preSolution
		Debug|Any CPU = Debug|Any CPU
		Release|Any CPU = Release|Any CPU
	EndGlobalSection
	GlobalSection(ProjectConfigurationPlatforms) = postSolution
		{E4A5BA53-4A12-4DA8-A2AE-159188AB0520}.Debug|Any CPU.ActiveCfg = Debug|Any CPU
		{E4A5BA53-4A12-4DA8-A2AE-159188AB0520}.Debug|Any CPU.Build.0 = Debug|Any CPU
		{E4A5BA53-4A12-4DA8-A2AE-159188AB0520}.Release|Any CPU.ActiveCfg = Release|Any CPU
		{E4A5BA53-4A12-4DA8-A2AE-159188AB0520}.Release|Any CPU.Build.0 = Release|Any CPU
		{480D1E17-E17E-4041-A871-901D93689574}.Debug|Any CPU.ActiveCfg = Debug|Any CPU
		{480D1E17-E17E-4041-A871-901D93689574}.Debug|Any CPU.Build.0 = Debug|Any CPU
		{480D1E17-E17E-4041-A871-901D93689574}.Release|Any CPU.ActiveCfg = Release|Any CPU
		{480D1E17-E17E-4041-A871-901D93689574}.Release|Any CPU.Build.0 = Release|Any CPU
		{55455DF3-B537-43B0-90D3-737582F25833}.Debug|Any CPU.ActiveCfg = Debug|Any CPU
		{55455DF3-B537-43B0-90D3-737582F25833}.Debug|Any CPU.Build.0 = Debug|Any CPU
		{55455DF3-B537-43B0-90D3-737582F25833}.Release|Any CPU.ActiveCfg = Release|Any CPU
		{55455DF3-B537-43B0-90D3-737582F25833}.Release|Any CPU.Build.0 = Release|Any CPU
		{1DA10427-0A3F-4355-BAAA-EDA47AF31456}.Debug|Any CPU.ActiveCfg = Debug|Any CPU
		{1DA10427-0A3F-4355-BAAA-EDA47AF31456}.Debug|Any CPU.Build.0 = Debug|Any CPU
		{1DA10427-0A3F-4355-BAAA-EDA47AF31456}.Release|Any CPU.ActiveCfg = Release|Any CPU
		{1DA10427-0A3F-4355-BAAA-EDA47AF31456}.Release|Any CPU.Build.0 = Release|Any CPU
		{FC284AB6-F6AB-47A8-B2F9-01C3C8A2E200}.Debug|Any CPU.ActiveCfg = Debug|Any CPU
		{FC284AB6-F6AB-47A8-B2F9-01C3C8A2E200}.Debug|Any CPU.Build.0 = Debug|Any CPU
		{FC284AB6-F6AB-47A8-B2F9-01C3C8A2E200}.Release|Any CPU.ActiveCfg = Release|Any CPU
		{FC284AB6-F6AB-47A8-B2F9-01C3C8A2E200}.Release|Any CPU.Build.0 = Release|Any CPU
		{293FC0FA-4ADF-453C-BC9B-2F3104A91DE8}.Debug|Any CPU.ActiveCfg = Debug|Any CPU
		{293FC0FA-4ADF-453C-BC9B-2F3104A91DE8}.Debug|Any CPU.Build.0 = Debug|Any CPU
		{293FC0FA-4ADF-453C-BC9B-2F3104A91DE8}.Release|Any CPU.ActiveCfg = Release|Any CPU
		{293FC0FA-4ADF-453C-BC9B-2F3104A91DE8}.Release|Any CPU.Build.0 = Release|Any CPU
		{A8B2CE56-7A55-4A9F-A4F4-9D9B2D5BF0DB}.Debug|Any CPU.ActiveCfg = Debug|Any CPU
		{A8B2CE56-7A55-4A9F-A4F4-9D9B2D5BF0DB}.Debug|Any CPU.Build.0 = Debug|Any CPU
		{A8B2CE56-7A55-4A9F-A4F4-9D9B2D5BF0DB}.Release|Any CPU.ActiveCfg = Release|Any CPU
		{A8B2CE56-7A55-4A9F-A4F4-9D9B2D5BF0DB}.Release|Any CPU.Build.0 = Release|Any CPU
		{11BEF005-849D-45E1-A52B-B2CDB72C9A38}.Debug|Any CPU.ActiveCfg = Debug|Any CPU
		{11BEF005-849D-45E1-A52B-B2CDB72C9A38}.Debug|Any CPU.Build.0 = Debug|Any CPU
		{11BEF005-849D-45E1-A52B-B2CDB72C9A38}.Release|Any CPU.ActiveCfg = Release|Any CPU
		{11BEF005-849D-45E1-A52B-B2CDB72C9A38}.Release|Any CPU.Build.0 = Release|Any CPU
		{715F33FD-C59D-4555-9CC6-D74256DD5777}.Debug|Any CPU.ActiveCfg = Debug|Any CPU
		{715F33FD-C59D-4555-9CC6-D74256DD5777}.Debug|Any CPU.Build.0 = Debug|Any CPU
		{715F33FD-C59D-4555-9CC6-D74256DD5777}.Release|Any CPU.ActiveCfg = Release|Any CPU
		{715F33FD-C59D-4555-9CC6-D74256DD5777}.Release|Any CPU.Build.0 = Release|Any CPU
		{24748464-B2FD-4DF5-A997-F636BFE8D3D1}.Debug|Any CPU.ActiveCfg = Debug|Any CPU
		{24748464-B2FD-4DF5-A997-F636BFE8D3D1}.Debug|Any CPU.Build.0 = Debug|Any CPU
		{24748464-B2FD-4DF5-A997-F636BFE8D3D1}.Release|Any CPU.ActiveCfg = Release|Any CPU
		{24748464-B2FD-4DF5-A997-F636BFE8D3D1}.Release|Any CPU.Build.0 = Release|Any CPU
		{51429792-4200-48D8-A357-98B12D7E040F}.Debug|Any CPU.ActiveCfg = Debug|Any CPU
		{51429792-4200-48D8-A357-98B12D7E040F}.Debug|Any CPU.Build.0 = Debug|Any CPU
		{51429792-4200-48D8-A357-98B12D7E040F}.Release|Any CPU.ActiveCfg = Release|Any CPU
		{51429792-4200-48D8-A357-98B12D7E040F}.Release|Any CPU.Build.0 = Release|Any CPU
	EndGlobalSection
	GlobalSection(SolutionProperties) = preSolution
		HideSolutionNode = FALSE
	EndGlobalSection
	GlobalSection(NestedProjects) = preSolution
		{E4A5BA53-4A12-4DA8-A2AE-159188AB0520} = {B8E06619-D2DA-4EB8-B5C2-C3B16AC0DE14}
		{480D1E17-E17E-4041-A871-901D93689574} = {B8E06619-D2DA-4EB8-B5C2-C3B16AC0DE14}
		{55455DF3-B537-43B0-90D3-737582F25833} = {A35BBB0F-75A7-493D-8528-7A5C98CC489B}
		{1DA10427-0A3F-4355-BAAA-EDA47AF31456} = {3C594877-51DC-406A-8A2C-EF11D3337C57}
		{FC284AB6-F6AB-47A8-B2F9-01C3C8A2E200} = {8C150F38-25E4-46A2-83A2-E8C72884B755}
		{293FC0FA-4ADF-453C-BC9B-2F3104A91DE8} = {8C150F38-25E4-46A2-83A2-E8C72884B755}
		{A8B2CE56-7A55-4A9F-A4F4-9D9B2D5BF0DB} = {A35BBB0F-75A7-493D-8528-7A5C98CC489B}
		{11BEF005-849D-45E1-A52B-B2CDB72C9A38} = {FF9278CB-7C4D-41CF-8C4D-56E1D60B2C24}
		{715F33FD-C59D-4555-9CC6-D74256DD5777} = {8AE2C88A-DCC8-45DA-AB3D-0BA0B5A2FCEB}
		{24748464-B2FD-4DF5-A997-F636BFE8D3D1} = {8AE2C88A-DCC8-45DA-AB3D-0BA0B5A2FCEB}
		{51429792-4200-48D8-A357-98B12D7E040F} = {FF9278CB-7C4D-41CF-8C4D-56E1D60B2C24}
	EndGlobalSection
	GlobalSection(ExtensibilityGlobals) = postSolution
		SolutionGuid = {33E7D6CC-FA3E-42FA-92DA-9EF04B660001}
	EndGlobalSection
EndGlobal
