
Microsoft Visual Studio Solution File, Format Version 12.00
# Visual Studio Version 16
VisualStudioVersion = 16.0.31005.135
MinimumVisualStudioVersion = 10.0.40219.1
Project("{2150E333-8FDC-42A3-9474-1A3956D46DE8}") = "src", "src", "{78FF2AA0-AD49-4210-B136-A8122393DB0D}"
EndProject
Project("{2150E333-8FDC-42A3-9474-1A3956D46DE8}") = "test", "test", "{57A83F2C-823F-4067-B753-DB9304255795}"
EndProject
Project("{2150E333-8FDC-42A3-9474-1A3956D46DE8}") = "API", "API", "{EC58298B-AF1A-4FA7-B6D5-F3AC667F4B63}"
EndProject
Project("{2150E333-8FDC-42A3-9474-1A3956D46DE8}") = "Core", "Core", "{7197FAD2-B2F0-4219-A81A-594B10B2D494}"
EndProject
Project("{2150E333-8FDC-42A3-9474-1A3956D46DE8}") = "Infrastructure", "Infrastructure", "{DB1FA0CB-440E-4211-B17D-89702CC4C372}"
EndProject
Project("{2150E333-8FDC-42A3-9474-1A3956D46DE8}") = "UI", "UI", "{13780E41-54CE-4B4E-9E15-90B6CAB7A79E}"
EndProject
Project("{9A19103F-16F7-4668-BE54-9A1E7A4F7556}") = "GloboTicket.TicketManagement.Domain", "GloboTicket.TicketManagement.Domain\GloboTicket.TicketManagement.Domain.csproj", "{E7BD2AF3-7DF4-437B-8E88-7504250CDA0A}"
EndProject
Project("{9A19103F-16F7-4668-BE54-9A1E7A4F7556}") = "GloboTicket.TicketManagement.Application", "GloboTicket.TicketManagement.Application\GloboTicket.TicketManagement.Application.csproj", "{404C15B0-1344-4C34-9458-117F6C18B8A2}"
EndProject
Project("{9A19103F-16F7-4668-BE54-9A1E7A4F7556}") = "GloboTicket.TicketManagement.Persistence", "GloboTicket.TicketManagement.Persistence\GloboTicket.TicketManagement.Persistence.csproj", "{AD2289BF-CD02-46DF-B732-253263C8F319}"
EndProject
Project("{9A19103F-16F7-4668-BE54-9A1E7A4F7556}") = "GloboTicket.TicketManagement.Infrastructure", "GloboTicket.TicketManagement.Infrastructure\GloboTicket.TicketManagement.Infrastructure.csproj", "{C8A99BE9-C03A-4D4B-80CF-E1894F52177F}"
EndProject
Project("{9A19103F-16F7-4668-BE54-9A1E7A4F7556}") = "GloboTicket.TicketManagement.Api", "GloboTicket.TicketManagement.Api\GloboTicket.TicketManagement.Api.csproj", "{4AD0DFD4-2B26-41BF-9F73-E7140F441448}"
EndProject
Project("{9A19103F-16F7-4668-BE54-9A1E7A4F7556}") = "GloboTicket.TicketManagement.Application.UnitTests", "GloboTicket.TicketManagement.Application.UnitTests\GloboTicket.TicketManagement.Application.UnitTests.csproj", "{3930E29B-732E-4E53-AA1B-6281F5C74CB7}"
EndProject
Project("{9A19103F-16F7-4668-BE54-9A1E7A4F7556}") = "GloboTicket.TicketManagement.Persistence.IntegrationTests", "GloboTicket.TicketManagement.Persistence.IntegrationTests\GloboTicket.TicketManagement.Persistence.IntegrationTests.csproj", "{4920480E-BBC2-437E-994C-A6B3E9F4A265}"
EndProject
Project("{9A19103F-16F7-4668-BE54-9A1E7A4F7556}") = "GloboTicket.TicketManagement.API.IntegrationTests", "GloboTicket.TicketManagement.API.IntegrationTests\GloboTicket.TicketManagement.API.IntegrationTests.csproj", "{BC212C33-ADE8-4176-A2BA-5E06B7BC2A6D}"
EndProject
Project("{9A19103F-16F7-4668-BE54-9A1E7A4F7556}") = "GloboTicket.TicketManagement.App", "GloboTicket.TicketManagement.App\GloboTicket.TicketManagement.App.csproj", "{19DCDF1E-6421-4C19-9AA4-86753089EBEF}"
EndProject
Project("{9A19103F-16F7-4668-BE54-9A1E7A4F7556}") = "GloboTicket.TicketManagement.Identity", "GloboTicket.TicketManagement.Identity\GloboTicket.TicketManagement.Identity.csproj", "{EB7F034A-785F-432B-879A-FED0B5F2718D}"
EndProject
Global
	GlobalSection(SolutionConfigurationPlatforms) = preSolution
		Debug|Any CPU = Debug|Any CPU
		Release|Any CPU = Release|Any CPU
	EndGlobalSection
	GlobalSection(ProjectConfigurationPlatforms) = postSolution
		{E7BD2AF3-7DF4-437B-8E88-7504250CDA0A}.Debug|Any CPU.ActiveCfg = Debug|Any CPU
		{E7BD2AF3-7DF4-437B-8E88-7504250CDA0A}.Debug|Any CPU.Build.0 = Debug|Any CPU
		{E7BD2AF3-7DF4-437B-8E88-7504250CDA0A}.Release|Any CPU.ActiveCfg = Release|Any CPU
		{E7BD2AF3-7DF4-437B-8E88-7504250CDA0A}.Release|Any CPU.Build.0 = Release|Any CPU
		{404C15B0-1344-4C34-9458-117F6C18B8A2}.Debug|Any CPU.ActiveCfg = Debug|Any CPU
		{404C15B0-1344-4C34-9458-117F6C18B8A2}.Debug|Any CPU.Build.0 = Debug|Any CPU
		{404C15B0-1344-4C34-9458-117F6C18B8A2}.Release|Any CPU.ActiveCfg = Release|Any CPU
		{404C15B0-1344-4C34-9458-117F6C18B8A2}.Release|Any CPU.Build.0 = Release|Any CPU
		{AD2289BF-CD02-46DF-B732-253263C8F319}.Debug|Any CPU.ActiveCfg = Debug|Any CPU
		{AD2289BF-CD02-46DF-B732-253263C8F319}.Debug|Any CPU.Build.0 = Debug|Any CPU
		{AD2289BF-CD02-46DF-B732-253263C8F319}.Release|Any CPU.ActiveCfg = Release|Any CPU
		{AD2289BF-CD02-46DF-B732-253263C8F319}.Release|Any CPU.Build.0 = Release|Any CPU
		{C8A99BE9-C03A-4D4B-80CF-E1894F52177F}.Debug|Any CPU.ActiveCfg = Debug|Any CPU
		{C8A99BE9-C03A-4D4B-80CF-E1894F52177F}.Debug|Any CPU.Build.0 = Debug|Any CPU
		{C8A99BE9-C03A-4D4B-80CF-E1894F52177F}.Release|Any CPU.ActiveCfg = Release|Any CPU
		{C8A99BE9-C03A-4D4B-80CF-E1894F52177F}.Release|Any CPU.Build.0 = Release|Any CPU
		{4AD0DFD4-2B26-41BF-9F73-E7140F441448}.Debug|Any CPU.ActiveCfg = Debug|Any CPU
		{4AD0DFD4-2B26-41BF-9F73-E7140F441448}.Debug|Any CPU.Build.0 = Debug|Any CPU
		{4AD0DFD4-2B26-41BF-9F73-E7140F441448}.Release|Any CPU.ActiveCfg = Release|Any CPU
		{4AD0DFD4-2B26-41BF-9F73-E7140F441448}.Release|Any CPU.Build.0 = Release|Any CPU
		{3930E29B-732E-4E53-AA1B-6281F5C74CB7}.Debug|Any CPU.ActiveCfg = Debug|Any CPU
		{3930E29B-732E-4E53-AA1B-6281F5C74CB7}.Debug|Any CPU.Build.0 = Debug|Any CPU
		{3930E29B-732E-4E53-AA1B-6281F5C74CB7}.Release|Any CPU.ActiveCfg = Release|Any CPU
		{3930E29B-732E-4E53-AA1B-6281F5C74CB7}.Release|Any CPU.Build.0 = Release|Any CPU
		{4920480E-BBC2-437E-994C-A6B3E9F4A265}.Debug|Any CPU.ActiveCfg = Debug|Any CPU
		{4920480E-BBC2-437E-994C-A6B3E9F4A265}.Debug|Any CPU.Build.0 = Debug|Any CPU
		{4920480E-BBC2-437E-994C-A6B3E9F4A265}.Release|Any CPU.ActiveCfg = Release|Any CPU
		{4920480E-BBC2-437E-994C-A6B3E9F4A265}.Release|Any CPU.Build.0 = Release|Any CPU
		{BC212C33-ADE8-4176-A2BA-5E06B7BC2A6D}.Debug|Any CPU.ActiveCfg = Debug|Any CPU
		{BC212C33-ADE8-4176-A2BA-5E06B7BC2A6D}.Debug|Any CPU.Build.0 = Debug|Any CPU
		{BC212C33-ADE8-4176-A2BA-5E06B7BC2A6D}.Release|Any CPU.ActiveCfg = Release|Any CPU
		{BC212C33-ADE8-4176-A2BA-5E06B7BC2A6D}.Release|Any CPU.Build.0 = Release|Any CPU
		{19DCDF1E-6421-4C19-9AA4-86753089EBEF}.Debug|Any CPU.ActiveCfg = Debug|Any CPU
		{19DCDF1E-6421-4C19-9AA4-86753089EBEF}.Debug|Any CPU.Build.0 = Debug|Any CPU
		{19DCDF1E-6421-4C19-9AA4-86753089EBEF}.Release|Any CPU.ActiveCfg = Release|Any CPU
		{19DCDF1E-6421-4C19-9AA4-86753089EBEF}.Release|Any CPU.Build.0 = Release|Any CPU
		{EB7F034A-785F-432B-879A-FED0B5F2718D}.Debug|Any CPU.ActiveCfg = Debug|Any CPU
		{EB7F034A-785F-432B-879A-FED0B5F2718D}.Debug|Any CPU.Build.0 = Debug|Any CPU
		{EB7F034A-785F-432B-879A-FED0B5F2718D}.Release|Any CPU.ActiveCfg = Release|Any CPU
		{EB7F034A-785F-432B-879A-FED0B5F2718D}.Release|Any CPU.Build.0 = Release|Any CPU
	EndGlobalSection
	GlobalSection(SolutionProperties) = preSolution
		HideSolutionNode = FALSE
	EndGlobalSection
	GlobalSection(NestedProjects) = preSolution
		{EC58298B-AF1A-4FA7-B6D5-F3AC667F4B63} = {78FF2AA0-AD49-4210-B136-A8122393DB0D}
		{7197FAD2-B2F0-4219-A81A-594B10B2D494} = {78FF2AA0-AD49-4210-B136-A8122393DB0D}
		{DB1FA0CB-440E-4211-B17D-89702CC4C372} = {78FF2AA0-AD49-4210-B136-A8122393DB0D}
		{13780E41-54CE-4B4E-9E15-90B6CAB7A79E} = {78FF2AA0-AD49-4210-B136-A8122393DB0D}
		{E7BD2AF3-7DF4-437B-8E88-7504250CDA0A} = {7197FAD2-B2F0-4219-A81A-594B10B2D494}
		{404C15B0-1344-4C34-9458-117F6C18B8A2} = {7197FAD2-B2F0-4219-A81A-594B10B2D494}
		{AD2289BF-CD02-46DF-B732-253263C8F319} = {DB1FA0CB-440E-4211-B17D-89702CC4C372}
		{C8A99BE9-C03A-4D4B-80CF-E1894F52177F} = {DB1FA0CB-440E-4211-B17D-89702CC4C372}
		{4AD0DFD4-2B26-41BF-9F73-E7140F441448} = {EC58298B-AF1A-4FA7-B6D5-F3AC667F4B63}
		{3930E29B-732E-4E53-AA1B-6281F5C74CB7} = {57A83F2C-823F-4067-B753-DB9304255795}
		{4920480E-BBC2-437E-994C-A6B3E9F4A265} = {57A83F2C-823F-4067-B753-DB9304255795}
		{BC212C33-ADE8-4176-A2BA-5E06B7BC2A6D} = {57A83F2C-823F-4067-B753-DB9304255795}
		{19DCDF1E-6421-4C19-9AA4-86753089EBEF} = {13780E41-54CE-4B4E-9E15-90B6CAB7A79E}
		{EB7F034A-785F-432B-879A-FED0B5F2718D} = {DB1FA0CB-440E-4211-B17D-89702CC4C372}
	EndGlobalSection
	GlobalSection(ExtensibilityGlobals) = postSolution
		SolutionGuid = {51E7FF38-DF83-44B0-ACE2-F00004BB52A6}
	EndGlobalSection
EndGlobal
