
Microsoft Visual Studio Solution File, Format Version 12.00
# Visual Studio 15
VisualStudioVersion = 15.0.28307.852
MinimumVisualStudioVersion = 10.0.40219.1
Project("{FAE04EC0-301F-11D3-BF4B-00C04F79EFBC}") = "CarRental.Business.Entities", "CarRental.Business.Entities\CarRental.Business.Entities.csproj", "{43F41C33-B860-47D9-B1B0-7108AE7A6B26}"
EndProject
Project("{FAE04EC0-301F-11D3-BF4B-00C04F79EFBC}") = "CarRental.Client.Entities", "CarRental.Client.Entities\CarRental.Client.Entities.csproj", "{4B3875D1-865C-4D4A-9FD3-6144BBA64DC0}"
EndProject
Project("{2150E333-8FDC-42A3-9474-1A3956D46DE8}") = "Business", "Business", "{20E49E8F-D496-4E22-B2AF-DED96856C5A7}"
EndProject
Project("{2150E333-8FDC-42A3-9474-1A3956D46DE8}") = "Client", "Client", "{3B813104-54A0-47B1-B25B-2C76DFB575D1}"
EndProject
Project("{2150E333-8FDC-42A3-9474-1A3956D46DE8}") = "Core", "Core", "{42DC06BD-CD35-408B-A940-39A86DCAA895}"
EndProject
Project("{2150E333-8FDC-42A3-9474-1A3956D46DE8}") = "Tests", "Tests", "{1110723E-1D8E-49D6-94E4-B0852EBBFD9D}"
EndProject
Project("{FAE04EC0-301F-11D3-BF4B-00C04F79EFBC}") = "Core.Common", "Core.Common\Core.Common.csproj", "{6F28BB6C-9A85-45BB-A2D0-B87F51F4F847}"
EndProject
Project("{FAE04EC0-301F-11D3-BF4B-00C04F79EFBC}") = "Core.Common.Contracts", "Core.Common.Contracts\Core.Common.Contracts.csproj", "{754C2E3E-CCC1-487A-A328-8104370CEAF9}"
EndProject
Project("{FAE04EC0-301F-11D3-BF4B-00C04F79EFBC}") = "Core.Common.Tests", "Core.Common.Tests\Core.Common.Tests.csproj", "{29F4614A-4C7B-411E-8193-9D1CE2398105}"
EndProject
Project("{2150E333-8FDC-42A3-9474-1A3956D46DE8}") = "Resource Access", "Resource Access", "{68698274-B425-4E5E-B62B-50A309E8FB09}"
EndProject
Project("{FAE04EC0-301F-11D3-BF4B-00C04F79EFBC}") = "CarRental.Data", "CarRental.Data\CarRental.Data.csproj", "{8DE6EE00-9D89-422A-9FA7-22D14D6F23B7}"
EndProject
Project("{FAE04EC0-301F-11D3-BF4B-00C04F79EFBC}") = "CarRental.Data.Contracts", "CarRental.Data.Contracts\CarRental.Data.Contracts.csproj", "{80B7FA3A-D45C-4CA3-AC1A-9F78D8FB2055}"
EndProject
Project("{FAE04EC0-301F-11D3-BF4B-00C04F79EFBC}") = "CarRental.Data.Tests", "CarRental.Data.Tests\CarRental.Data.Tests.csproj", "{777FBD8F-AFB6-408F-B6D4-059E6F92EA16}"
EndProject
Project("{FAE04EC0-301F-11D3-BF4B-00C04F79EFBC}") = "CarRental.Business.Bootstrapper", "CarRental.Business.Bootstrapper\CarRental.Business.Bootstrapper.csproj", "{B4396A4E-F9CF-4734-8B52-D5D63A9CEB4D}"
EndProject
Project("{FAE04EC0-301F-11D3-BF4B-00C04F79EFBC}") = "CarRental.Business.Contracts", "CarRental.Business.Contracts\CarRental.Business.Contracts.csproj", "{07BC012B-0414-47BF-B0DD-AA0C140E05C8}"
EndProject
Project("{FAE04EC0-301F-11D3-BF4B-00C04F79EFBC}") = "CarRental.Business.Managers", "CarRental.Business.Managers\CarRental.Business.Managers.csproj", "{66C6F64F-535B-48E1-BA9D-B4590D5EECD0}"
EndProject
Project("{FAE04EC0-301F-11D3-BF4B-00C04F79EFBC}") = "CarRental.Business.Common", "CarRental.Business.Common\CarRental.Business.Common.csproj", "{75D7EF2C-2278-45E1-9A0C-F60E7871AE43}"
EndProject
Project("{FAE04EC0-301F-11D3-BF4B-00C04F79EFBC}") = "CarRental.Business", "CarRental.Business\CarRental.Business.csproj", "{DFA44CA5-4BE5-46BD-A6EE-62501F799CDB}"
EndProject
Project("{2150E333-8FDC-42A3-9474-1A3956D46DE8}") = "Common", "Common", "{E8ECE196-8792-4DA8-A293-374B33CE2BA9}"
EndProject
Project("{FAE04EC0-301F-11D3-BF4B-00C04F79EFBC}") = "CarRental.Common", "CarRental.Common\CarRental.Common.csproj", "{DD841439-39C1-4200-8983-A2F5BAF5E2C9}"
EndProject
Project("{FAE04EC0-301F-11D3-BF4B-00C04F79EFBC}") = "Core.Common.ServiceModel", "Core.Common.ServiceModel\Core.Common.ServiceModel.csproj", "{8A41A6BE-3F80-40ED-8317-49EE0D40CD19}"
EndProject
Project("{FAE04EC0-301F-11D3-BF4B-00C04F79EFBC}") = "CarRental.Business.Managers.Tests", "CarRental.Business.Managers.Tests\CarRental.Business.Managers.Tests.csproj", "{DFCC16D3-5F2C-4692-AC67-4822EAAC5A6A}"
EndProject
Project("{FAE04EC0-301F-11D3-BF4B-00C04F79EFBC}") = "CarRental.Business.Tests", "CarRental.Business.Tests\CarRental.Business.Tests.csproj", "{C3CADC9E-A5A5-477B-BA24-0651FF7D26A9}"
EndProject
Project("{2150E333-8FDC-42A3-9474-1A3956D46DE8}") = "Hosting", "Hosting", "{F5501DC3-686B-4178-B410-442EB9B7809A}"
EndProject
Project("{FAE04EC0-301F-11D3-BF4B-00C04F79EFBC}") = "CarRental.ServiceHost.Console", "CarRental.ServiceHost.Console\CarRental.ServiceHost.Console.csproj", "{E174BC8F-F1FF-4CE8-835C-0A00573C127A}"
EndProject
Project("{FAE04EC0-301F-11D3-BF4B-00C04F79EFBC}") = "CarRental.ServiceHost.Tests", "CarRental.ServiceHost.Tests\CarRental.ServiceHost.Tests.csproj", "{686BB858-25F4-4646-BB72-F2D169FEFF22}"
EndProject
Project("{FAE04EC0-301F-11D3-BF4B-00C04F79EFBC}") = "CarRental.Client.Contracts", "CarRental.Client.Contracts\CarRental.Client.Contracts.csproj", "{F1ED31BD-064E-4939-A409-F35B7D2C4E2E}"
EndProject
Project("{FAE04EC0-301F-11D3-BF4B-00C04F79EFBC}") = "CarRental.Client.Proxies", "CarRental.Client.Proxies\CarRental.Client.Proxies.csproj", "{DC7C4406-19CA-41DB-B513-1D1C0A0225BD}"
EndProject
Project("{FAE04EC0-301F-11D3-BF4B-00C04F79EFBC}") = "CarRental.Client.Bootstrapper", "CarRental.Client.Bootstrapper\CarRental.Client.Bootstrapper.csproj", "{25A99487-BF23-48E2-B4CB-E78D485F2B31}"
EndProject
Project("{FAE04EC0-301F-11D3-BF4B-00C04F79EFBC}") = "CarRental.Client.Proxies.Tests", "CarRental.Client.Proxies.Tests\CarRental.Client.Proxies.Tests.csproj", "{6BC8815F-A648-4118-8A09-DF5F3D1D6A79}"
EndProject
Global
	GlobalSection(SolutionConfigurationPlatforms) = preSolution
		Debug|Any CPU = Debug|Any CPU
		Release|Any CPU = Release|Any CPU
	EndGlobalSection
	GlobalSection(ProjectConfigurationPlatforms) = postSolution
		{43F41C33-B860-47D9-B1B0-7108AE7A6B26}.Debug|Any CPU.ActiveCfg = Debug|Any CPU
		{43F41C33-B860-47D9-B1B0-7108AE7A6B26}.Debug|Any CPU.Build.0 = Debug|Any CPU
		{43F41C33-B860-47D9-B1B0-7108AE7A6B26}.Release|Any CPU.ActiveCfg = Release|Any CPU
		{43F41C33-B860-47D9-B1B0-7108AE7A6B26}.Release|Any CPU.Build.0 = Release|Any CPU
		{4B3875D1-865C-4D4A-9FD3-6144BBA64DC0}.Debug|Any CPU.ActiveCfg = Debug|Any CPU
		{4B3875D1-865C-4D4A-9FD3-6144BBA64DC0}.Debug|Any CPU.Build.0 = Debug|Any CPU
		{4B3875D1-865C-4D4A-9FD3-6144BBA64DC0}.Release|Any CPU.ActiveCfg = Release|Any CPU
		{4B3875D1-865C-4D4A-9FD3-6144BBA64DC0}.Release|Any CPU.Build.0 = Release|Any CPU
		{6F28BB6C-9A85-45BB-A2D0-B87F51F4F847}.Debug|Any CPU.ActiveCfg = Debug|Any CPU
		{6F28BB6C-9A85-45BB-A2D0-B87F51F4F847}.Debug|Any CPU.Build.0 = Debug|Any CPU
		{6F28BB6C-9A85-45BB-A2D0-B87F51F4F847}.Release|Any CPU.ActiveCfg = Release|Any CPU
		{6F28BB6C-9A85-45BB-A2D0-B87F51F4F847}.Release|Any CPU.Build.0 = Release|Any CPU
		{754C2E3E-CCC1-487A-A328-8104370CEAF9}.Debug|Any CPU.ActiveCfg = Debug|Any CPU
		{754C2E3E-CCC1-487A-A328-8104370CEAF9}.Debug|Any CPU.Build.0 = Debug|Any CPU
		{754C2E3E-CCC1-487A-A328-8104370CEAF9}.Release|Any CPU.ActiveCfg = Release|Any CPU
		{754C2E3E-CCC1-487A-A328-8104370CEAF9}.Release|Any CPU.Build.0 = Release|Any CPU
		{29F4614A-4C7B-411E-8193-9D1CE2398105}.Debug|Any CPU.ActiveCfg = Debug|Any CPU
		{29F4614A-4C7B-411E-8193-9D1CE2398105}.Debug|Any CPU.Build.0 = Debug|Any CPU
		{29F4614A-4C7B-411E-8193-9D1CE2398105}.Release|Any CPU.ActiveCfg = Release|Any CPU
		{29F4614A-4C7B-411E-8193-9D1CE2398105}.Release|Any CPU.Build.0 = Release|Any CPU
		{8DE6EE00-9D89-422A-9FA7-22D14D6F23B7}.Debug|Any CPU.ActiveCfg = Debug|Any CPU
		{8DE6EE00-9D89-422A-9FA7-22D14D6F23B7}.Debug|Any CPU.Build.0 = Debug|Any CPU
		{8DE6EE00-9D89-422A-9FA7-22D14D6F23B7}.Release|Any CPU.ActiveCfg = Release|Any CPU
		{8DE6EE00-9D89-422A-9FA7-22D14D6F23B7}.Release|Any CPU.Build.0 = Release|Any CPU
		{80B7FA3A-D45C-4CA3-AC1A-9F78D8FB2055}.Debug|Any CPU.ActiveCfg = Debug|Any CPU
		{80B7FA3A-D45C-4CA3-AC1A-9F78D8FB2055}.Debug|Any CPU.Build.0 = Debug|Any CPU
		{80B7FA3A-D45C-4CA3-AC1A-9F78D8FB2055}.Release|Any CPU.ActiveCfg = Release|Any CPU
		{80B7FA3A-D45C-4CA3-AC1A-9F78D8FB2055}.Release|Any CPU.Build.0 = Release|Any CPU
		{777FBD8F-AFB6-408F-B6D4-059E6F92EA16}.Debug|Any CPU.ActiveCfg = Debug|Any CPU
		{777FBD8F-AFB6-408F-B6D4-059E6F92EA16}.Debug|Any CPU.Build.0 = Debug|Any CPU
		{777FBD8F-AFB6-408F-B6D4-059E6F92EA16}.Release|Any CPU.ActiveCfg = Release|Any CPU
		{777FBD8F-AFB6-408F-B6D4-059E6F92EA16}.Release|Any CPU.Build.0 = Release|Any CPU
		{B4396A4E-F9CF-4734-8B52-D5D63A9CEB4D}.Debug|Any CPU.ActiveCfg = Debug|Any CPU
		{B4396A4E-F9CF-4734-8B52-D5D63A9CEB4D}.Debug|Any CPU.Build.0 = Debug|Any CPU
		{B4396A4E-F9CF-4734-8B52-D5D63A9CEB4D}.Release|Any CPU.ActiveCfg = Release|Any CPU
		{B4396A4E-F9CF-4734-8B52-D5D63A9CEB4D}.Release|Any CPU.Build.0 = Release|Any CPU
		{07BC012B-0414-47BF-B0DD-AA0C140E05C8}.Debug|Any CPU.ActiveCfg = Debug|Any CPU
		{07BC012B-0414-47BF-B0DD-AA0C140E05C8}.Debug|Any CPU.Build.0 = Debug|Any CPU
		{07BC012B-0414-47BF-B0DD-AA0C140E05C8}.Release|Any CPU.ActiveCfg = Release|Any CPU
		{07BC012B-0414-47BF-B0DD-AA0C140E05C8}.Release|Any CPU.Build.0 = Release|Any CPU
		{66C6F64F-535B-48E1-BA9D-B4590D5EECD0}.Debug|Any CPU.ActiveCfg = Debug|Any CPU
		{66C6F64F-535B-48E1-BA9D-B4590D5EECD0}.Debug|Any CPU.Build.0 = Debug|Any CPU
		{66C6F64F-535B-48E1-BA9D-B4590D5EECD0}.Release|Any CPU.ActiveCfg = Release|Any CPU
		{66C6F64F-535B-48E1-BA9D-B4590D5EECD0}.Release|Any CPU.Build.0 = Release|Any CPU
		{75D7EF2C-2278-45E1-9A0C-F60E7871AE43}.Debug|Any CPU.ActiveCfg = Debug|Any CPU
		{75D7EF2C-2278-45E1-9A0C-F60E7871AE43}.Debug|Any CPU.Build.0 = Debug|Any CPU
		{75D7EF2C-2278-45E1-9A0C-F60E7871AE43}.Release|Any CPU.ActiveCfg = Release|Any CPU
		{75D7EF2C-2278-45E1-9A0C-F60E7871AE43}.Release|Any CPU.Build.0 = Release|Any CPU
		{DFA44CA5-4BE5-46BD-A6EE-62501F799CDB}.Debug|Any CPU.ActiveCfg = Debug|Any CPU
		{DFA44CA5-4BE5-46BD-A6EE-62501F799CDB}.Debug|Any CPU.Build.0 = Debug|Any CPU
		{DFA44CA5-4BE5-46BD-A6EE-62501F799CDB}.Release|Any CPU.ActiveCfg = Release|Any CPU
		{DFA44CA5-4BE5-46BD-A6EE-62501F799CDB}.Release|Any CPU.Build.0 = Release|Any CPU
		{DD841439-39C1-4200-8983-A2F5BAF5E2C9}.Debug|Any CPU.ActiveCfg = Debug|Any CPU
		{DD841439-39C1-4200-8983-A2F5BAF5E2C9}.Debug|Any CPU.Build.0 = Debug|Any CPU
		{DD841439-39C1-4200-8983-A2F5BAF5E2C9}.Release|Any CPU.ActiveCfg = Release|Any CPU
		{DD841439-39C1-4200-8983-A2F5BAF5E2C9}.Release|Any CPU.Build.0 = Release|Any CPU
		{8A41A6BE-3F80-40ED-8317-49EE0D40CD19}.Debug|Any CPU.ActiveCfg = Debug|Any CPU
		{8A41A6BE-3F80-40ED-8317-49EE0D40CD19}.Debug|Any CPU.Build.0 = Debug|Any CPU
		{8A41A6BE-3F80-40ED-8317-49EE0D40CD19}.Release|Any CPU.ActiveCfg = Release|Any CPU
		{8A41A6BE-3F80-40ED-8317-49EE0D40CD19}.Release|Any CPU.Build.0 = Release|Any CPU
		{DFCC16D3-5F2C-4692-AC67-4822EAAC5A6A}.Debug|Any CPU.ActiveCfg = Debug|Any CPU
		{DFCC16D3-5F2C-4692-AC67-4822EAAC5A6A}.Debug|Any CPU.Build.0 = Debug|Any CPU
		{DFCC16D3-5F2C-4692-AC67-4822EAAC5A6A}.Release|Any CPU.ActiveCfg = Release|Any CPU
		{DFCC16D3-5F2C-4692-AC67-4822EAAC5A6A}.Release|Any CPU.Build.0 = Release|Any CPU
		{C3CADC9E-A5A5-477B-BA24-0651FF7D26A9}.Debug|Any CPU.ActiveCfg = Debug|Any CPU
		{C3CADC9E-A5A5-477B-BA24-0651FF7D26A9}.Debug|Any CPU.Build.0 = Debug|Any CPU
		{C3CADC9E-A5A5-477B-BA24-0651FF7D26A9}.Release|Any CPU.ActiveCfg = Release|Any CPU
		{C3CADC9E-A5A5-477B-BA24-0651FF7D26A9}.Release|Any CPU.Build.0 = Release|Any CPU
		{E174BC8F-F1FF-4CE8-835C-0A00573C127A}.Debug|Any CPU.ActiveCfg = Debug|Any CPU
		{E174BC8F-F1FF-4CE8-835C-0A00573C127A}.Debug|Any CPU.Build.0 = Debug|Any CPU
		{E174BC8F-F1FF-4CE8-835C-0A00573C127A}.Release|Any CPU.ActiveCfg = Release|Any CPU
		{E174BC8F-F1FF-4CE8-835C-0A00573C127A}.Release|Any CPU.Build.0 = Release|Any CPU
		{686BB858-25F4-4646-BB72-F2D169FEFF22}.Debug|Any CPU.ActiveCfg = Debug|Any CPU
		{686BB858-25F4-4646-BB72-F2D169FEFF22}.Debug|Any CPU.Build.0 = Debug|Any CPU
		{686BB858-25F4-4646-BB72-F2D169FEFF22}.Release|Any CPU.ActiveCfg = Release|Any CPU
		{686BB858-25F4-4646-BB72-F2D169FEFF22}.Release|Any CPU.Build.0 = Release|Any CPU
		{F1ED31BD-064E-4939-A409-F35B7D2C4E2E}.Debug|Any CPU.ActiveCfg = Debug|Any CPU
		{F1ED31BD-064E-4939-A409-F35B7D2C4E2E}.Debug|Any CPU.Build.0 = Debug|Any CPU
		{F1ED31BD-064E-4939-A409-F35B7D2C4E2E}.Release|Any CPU.ActiveCfg = Release|Any CPU
		{F1ED31BD-064E-4939-A409-F35B7D2C4E2E}.Release|Any CPU.Build.0 = Release|Any CPU
		{DC7C4406-19CA-41DB-B513-1D1C0A0225BD}.Debug|Any CPU.ActiveCfg = Debug|Any CPU
		{DC7C4406-19CA-41DB-B513-1D1C0A0225BD}.Debug|Any CPU.Build.0 = Debug|Any CPU
		{DC7C4406-19CA-41DB-B513-1D1C0A0225BD}.Release|Any CPU.ActiveCfg = Release|Any CPU
		{DC7C4406-19CA-41DB-B513-1D1C0A0225BD}.Release|Any CPU.Build.0 = Release|Any CPU
		{25A99487-BF23-48E2-B4CB-E78D485F2B31}.Debug|Any CPU.ActiveCfg = Debug|Any CPU
		{25A99487-BF23-48E2-B4CB-E78D485F2B31}.Debug|Any CPU.Build.0 = Debug|Any CPU
		{25A99487-BF23-48E2-B4CB-E78D485F2B31}.Release|Any CPU.ActiveCfg = Release|Any CPU
		{25A99487-BF23-48E2-B4CB-E78D485F2B31}.Release|Any CPU.Build.0 = Release|Any CPU
		{6BC8815F-A648-4118-8A09-DF5F3D1D6A79}.Debug|Any CPU.ActiveCfg = Debug|Any CPU
		{6BC8815F-A648-4118-8A09-DF5F3D1D6A79}.Debug|Any CPU.Build.0 = Debug|Any CPU
		{6BC8815F-A648-4118-8A09-DF5F3D1D6A79}.Release|Any CPU.ActiveCfg = Release|Any CPU
		{6BC8815F-A648-4118-8A09-DF5F3D1D6A79}.Release|Any CPU.Build.0 = Release|Any CPU
	EndGlobalSection
	GlobalSection(SolutionProperties) = preSolution
		HideSolutionNode = FALSE
	EndGlobalSection
	GlobalSection(NestedProjects) = preSolution
		{43F41C33-B860-47D9-B1B0-7108AE7A6B26} = {20E49E8F-D496-4E22-B2AF-DED96856C5A7}
		{4B3875D1-865C-4D4A-9FD3-6144BBA64DC0} = {3B813104-54A0-47B1-B25B-2C76DFB575D1}
		{6F28BB6C-9A85-45BB-A2D0-B87F51F4F847} = {42DC06BD-CD35-408B-A940-39A86DCAA895}
		{754C2E3E-CCC1-487A-A328-8104370CEAF9} = {42DC06BD-CD35-408B-A940-39A86DCAA895}
		{29F4614A-4C7B-411E-8193-9D1CE2398105} = {1110723E-1D8E-49D6-94E4-B0852EBBFD9D}
		{8DE6EE00-9D89-422A-9FA7-22D14D6F23B7} = {68698274-B425-4E5E-B62B-50A309E8FB09}
		{80B7FA3A-D45C-4CA3-AC1A-9F78D8FB2055} = {68698274-B425-4E5E-B62B-50A309E8FB09}
		{777FBD8F-AFB6-408F-B6D4-059E6F92EA16} = {1110723E-1D8E-49D6-94E4-B0852EBBFD9D}
		{B4396A4E-F9CF-4734-8B52-D5D63A9CEB4D} = {20E49E8F-D496-4E22-B2AF-DED96856C5A7}
		{07BC012B-0414-47BF-B0DD-AA0C140E05C8} = {20E49E8F-D496-4E22-B2AF-DED96856C5A7}
		{66C6F64F-535B-48E1-BA9D-B4590D5EECD0} = {20E49E8F-D496-4E22-B2AF-DED96856C5A7}
		{75D7EF2C-2278-45E1-9A0C-F60E7871AE43} = {20E49E8F-D496-4E22-B2AF-DED96856C5A7}
		{DFA44CA5-4BE5-46BD-A6EE-62501F799CDB} = {20E49E8F-D496-4E22-B2AF-DED96856C5A7}
		{DD841439-39C1-4200-8983-A2F5BAF5E2C9} = {E8ECE196-8792-4DA8-A293-374B33CE2BA9}
		{8A41A6BE-3F80-40ED-8317-49EE0D40CD19} = {42DC06BD-CD35-408B-A940-39A86DCAA895}
		{DFCC16D3-5F2C-4692-AC67-4822EAAC5A6A} = {1110723E-1D8E-49D6-94E4-B0852EBBFD9D}
		{C3CADC9E-A5A5-477B-BA24-0651FF7D26A9} = {1110723E-1D8E-49D6-94E4-B0852EBBFD9D}
		{E174BC8F-F1FF-4CE8-835C-0A00573C127A} = {F5501DC3-686B-4178-B410-442EB9B7809A}
		{686BB858-25F4-4646-BB72-F2D169FEFF22} = {1110723E-1D8E-49D6-94E4-B0852EBBFD9D}
		{F1ED31BD-064E-4939-A409-F35B7D2C4E2E} = {3B813104-54A0-47B1-B25B-2C76DFB575D1}
		{DC7C4406-19CA-41DB-B513-1D1C0A0225BD} = {3B813104-54A0-47B1-B25B-2C76DFB575D1}
		{25A99487-BF23-48E2-B4CB-E78D485F2B31} = {3B813104-54A0-47B1-B25B-2C76DFB575D1}
		{6BC8815F-A648-4118-8A09-DF5F3D1D6A79} = {1110723E-1D8E-49D6-94E4-B0852EBBFD9D}
	EndGlobalSection
	GlobalSection(ExtensibilityGlobals) = postSolution
		SolutionGuid = {339184B5-D40B-4DA4-BFA9-E086DC3D2282}
	EndGlobalSection
EndGlobal
